
Microsoft Visual Studio Solution File, Format Version 12.00
Project("{FAE04EC0-301F-11D3-BF4B-00C04F79EFBC}") = "NicolaBlindAssistant", "NicolaBlindAssistant.csproj", "{74FDB72E-51D7-4AC2-AF6C-93762FD60A47}"
EndProject
Global
	GlobalSection(SolutionConfigurationPlatforms) = preSolution
		Debug|Any CPU = Debug|Any CPU
		Release|Any CPU = Release|Any CPU
	EndGlobalSection
	GlobalSection(ProjectConfigurationPlatforms) = postSolution
		{74FDB72E-51D7-4AC2-AF6C-93762FD60A47}.Debug|Any CPU.ActiveCfg = Debug|Any CPU
		{74FDB72E-51D7-4AC2-AF6C-93762FD60A47}.Debug|Any CPU.Build.0 = Debug|Any CPU
		{74FDB72E-51D7-4AC2-AF6C-93762FD60A47}.Release|Any CPU.ActiveCfg = Release|Any CPU
		{74FDB72E-51D7-4AC2-AF6C-93762FD60A47}.Release|Any CPU.Build.0 = Release|Any CPU
	EndGlobalSection
EndGlobal
